
Microsoft Visual Studio Solution File, Format Version 12.00
# Visual Studio Version 16
VisualStudioVersion = 16.0.30114.105
MinimumVisualStudioVersion = 10.0.40219.1
Project("{2150E333-8FDC-42A3-9474-1A3956D46DE8}") = "Services", "Services", "{5DA6C50E-0029-4BE1-8EE2-F1EC212B50AE}"
EndProject
Project("{2150E333-8FDC-42A3-9474-1A3956D46DE8}") = "Catalog", "Catalog", "{DFCBACC8-13F3-492D-B772-A76D08E86F1E}"
EndProject
Project("{FAE04EC0-301F-11D3-BF4B-00C04F79EFBC}") = "Catalog.API", "Services\Catalog\Catalog.API\Catalog.API.csproj", "{3110CFAC-68B8-4182-AAE8-DF81C013A329}"
EndProject
Project("{2150E333-8FDC-42A3-9474-1A3956D46DE8}") = "Basket", "Basket", "{3649F21F-FDF1-443B-BE6D-C1C6C18713BB}"
EndProject
Project("{FAE04EC0-301F-11D3-BF4B-00C04F79EFBC}") = "Basket.API", "Services\Basket\Basket.API\Basket.API.csproj", "{FB568490-F24C-4238-AAD1-C8A90CA22DA5}"
EndProject
Project("{2150E333-8FDC-42A3-9474-1A3956D46DE8}") = "Discount", "Discount", "{89BF26B1-DDD9-4AFF-9818-BE15A895EA99}"
EndProject
Project("{FAE04EC0-301F-11D3-BF4B-00C04F79EFBC}") = "Discount.API", "Services\Discount\Discount.API\Discount.API.csproj", "{55D6913F-3F69-42FD-8EAE-6C2F05ACCA29}"
EndProject
Project("{FAE04EC0-301F-11D3-BF4B-00C04F79EFBC}") = "Discount.GRPC", "Services\Discount\Discount.GRPC\Discount.GRPC.csproj", "{BC296FF6-9073-42B4-91E8-575B71079BAE}"
EndProject
Project("{2150E333-8FDC-42A3-9474-1A3956D46DE8}") = "Ordering", "Ordering", "{867A623B-799E-40DA-A8DD-B9203E5E3119}"
EndProject
Project("{FAE04EC0-301F-11D3-BF4B-00C04F79EFBC}") = "Ordering.API", "Services\Ordering\Ordering.API\Ordering.API.csproj", "{655BB248-7D0E-427D-8CC0-575C7ECD63E1}"
EndProject
Project("{FAE04EC0-301F-11D3-BF4B-00C04F79EFBC}") = "Ordering.Domain", "Services\Ordering\Ordering.Domain\Ordering.Domain.csproj", "{75DF4537-D70E-4159-A804-D35D77555E02}"
EndProject
Project("{FAE04EC0-301F-11D3-BF4B-00C04F79EFBC}") = "Ordering.Application", "Services\Ordering\Ordering.Application\Ordering.Application.csproj", "{6B00FF2C-4039-4B83-9450-16ED23DA582F}"
EndProject
Project("{FAE04EC0-301F-11D3-BF4B-00C04F79EFBC}") = "Ordering.Infrastructure", "Services\Ordering\Ordering.Infrastructure\Ordering.Infrastructure.csproj", "{5644111A-4FB6-4F58-9911-24B073FEBB48}"
EndProject
Project("{2150E333-8FDC-42A3-9474-1A3956D46DE8}") = "BuildingBlocks", "BuildingBlocks", "{1533C134-22F1-44C7-8382-6C5A4073DD32}"
EndProject
Project("{FAE04EC0-301F-11D3-BF4B-00C04F79EFBC}") = "EventBus.Messages", "BuildingBlocks\EventBus.Messages\EventBus.Messages.csproj", "{5DDA0D3E-E3AC-42AA-85E8-9BA918F0F215}"
EndProject
Project("{2150E333-8FDC-42A3-9474-1A3956D46DE8}") = "ApiGateways", "ApiGateways", "{D065C234-0EE2-47D5-ABCB-8DFB8E69E26A}"
EndProject
Project("{FAE04EC0-301F-11D3-BF4B-00C04F79EFBC}") = "OcelotApiGateway", "ApiGateways\OcelotApiGateway\OcelotApiGateway.csproj", "{FFCE7C93-31A2-4D9E-A094-8FB7AE3E8435}"
EndProject
Global
	GlobalSection(SolutionConfigurationPlatforms) = preSolution
		Debug|Any CPU = Debug|Any CPU
		Release|Any CPU = Release|Any CPU
	EndGlobalSection
	GlobalSection(SolutionProperties) = preSolution
		HideSolutionNode = FALSE
	EndGlobalSection
	GlobalSection(ProjectConfigurationPlatforms) = postSolution
		{3110CFAC-68B8-4182-AAE8-DF81C013A329}.Debug|Any CPU.ActiveCfg = Debug|Any CPU
		{3110CFAC-68B8-4182-AAE8-DF81C013A329}.Debug|Any CPU.Build.0 = Debug|Any CPU
		{3110CFAC-68B8-4182-AAE8-DF81C013A329}.Release|Any CPU.ActiveCfg = Release|Any CPU
		{3110CFAC-68B8-4182-AAE8-DF81C013A329}.Release|Any CPU.Build.0 = Release|Any CPU
		{FB568490-F24C-4238-AAD1-C8A90CA22DA5}.Debug|Any CPU.ActiveCfg = Debug|Any CPU
		{FB568490-F24C-4238-AAD1-C8A90CA22DA5}.Debug|Any CPU.Build.0 = Debug|Any CPU
		{FB568490-F24C-4238-AAD1-C8A90CA22DA5}.Release|Any CPU.ActiveCfg = Release|Any CPU
		{FB568490-F24C-4238-AAD1-C8A90CA22DA5}.Release|Any CPU.Build.0 = Release|Any CPU
		{55D6913F-3F69-42FD-8EAE-6C2F05ACCA29}.Debug|Any CPU.ActiveCfg = Debug|Any CPU
		{55D6913F-3F69-42FD-8EAE-6C2F05ACCA29}.Debug|Any CPU.Build.0 = Debug|Any CPU
		{55D6913F-3F69-42FD-8EAE-6C2F05ACCA29}.Release|Any CPU.ActiveCfg = Release|Any CPU
		{55D6913F-3F69-42FD-8EAE-6C2F05ACCA29}.Release|Any CPU.Build.0 = Release|Any CPU
		{BC296FF6-9073-42B4-91E8-575B71079BAE}.Debug|Any CPU.ActiveCfg = Debug|Any CPU
		{BC296FF6-9073-42B4-91E8-575B71079BAE}.Debug|Any CPU.Build.0 = Debug|Any CPU
		{BC296FF6-9073-42B4-91E8-575B71079BAE}.Release|Any CPU.ActiveCfg = Release|Any CPU
		{BC296FF6-9073-42B4-91E8-575B71079BAE}.Release|Any CPU.Build.0 = Release|Any CPU
		{655BB248-7D0E-427D-8CC0-575C7ECD63E1}.Debug|Any CPU.ActiveCfg = Debug|Any CPU
		{655BB248-7D0E-427D-8CC0-575C7ECD63E1}.Debug|Any CPU.Build.0 = Debug|Any CPU
		{655BB248-7D0E-427D-8CC0-575C7ECD63E1}.Release|Any CPU.ActiveCfg = Release|Any CPU
		{655BB248-7D0E-427D-8CC0-575C7ECD63E1}.Release|Any CPU.Build.0 = Release|Any CPU
		{75DF4537-D70E-4159-A804-D35D77555E02}.Debug|Any CPU.ActiveCfg = Debug|Any CPU
		{75DF4537-D70E-4159-A804-D35D77555E02}.Debug|Any CPU.Build.0 = Debug|Any CPU
		{75DF4537-D70E-4159-A804-D35D77555E02}.Release|Any CPU.ActiveCfg = Release|Any CPU
		{75DF4537-D70E-4159-A804-D35D77555E02}.Release|Any CPU.Build.0 = Release|Any CPU
		{6B00FF2C-4039-4B83-9450-16ED23DA582F}.Debug|Any CPU.ActiveCfg = Debug|Any CPU
		{6B00FF2C-4039-4B83-9450-16ED23DA582F}.Debug|Any CPU.Build.0 = Debug|Any CPU
		{6B00FF2C-4039-4B83-9450-16ED23DA582F}.Release|Any CPU.ActiveCfg = Release|Any CPU
		{6B00FF2C-4039-4B83-9450-16ED23DA582F}.Release|Any CPU.Build.0 = Release|Any CPU
		{5644111A-4FB6-4F58-9911-24B073FEBB48}.Debug|Any CPU.ActiveCfg = Debug|Any CPU
		{5644111A-4FB6-4F58-9911-24B073FEBB48}.Debug|Any CPU.Build.0 = Debug|Any CPU
		{5644111A-4FB6-4F58-9911-24B073FEBB48}.Release|Any CPU.ActiveCfg = Release|Any CPU
		{5644111A-4FB6-4F58-9911-24B073FEBB48}.Release|Any CPU.Build.0 = Release|Any CPU
		{5DDA0D3E-E3AC-42AA-85E8-9BA918F0F215}.Debug|Any CPU.ActiveCfg = Debug|Any CPU
		{5DDA0D3E-E3AC-42AA-85E8-9BA918F0F215}.Debug|Any CPU.Build.0 = Debug|Any CPU
		{5DDA0D3E-E3AC-42AA-85E8-9BA918F0F215}.Release|Any CPU.ActiveCfg = Release|Any CPU
		{5DDA0D3E-E3AC-42AA-85E8-9BA918F0F215}.Release|Any CPU.Build.0 = Release|Any CPU
		{FFCE7C93-31A2-4D9E-A094-8FB7AE3E8435}.Debug|Any CPU.ActiveCfg = Debug|Any CPU
		{FFCE7C93-31A2-4D9E-A094-8FB7AE3E8435}.Debug|Any CPU.Build.0 = Debug|Any CPU
		{FFCE7C93-31A2-4D9E-A094-8FB7AE3E8435}.Release|Any CPU.ActiveCfg = Release|Any CPU
		{FFCE7C93-31A2-4D9E-A094-8FB7AE3E8435}.Release|Any CPU.Build.0 = Release|Any CPU
	EndGlobalSection
	GlobalSection(NestedProjects) = preSolution
		{DFCBACC8-13F3-492D-B772-A76D08E86F1E} = {5DA6C50E-0029-4BE1-8EE2-F1EC212B50AE}
		{3110CFAC-68B8-4182-AAE8-DF81C013A329} = {DFCBACC8-13F3-492D-B772-A76D08E86F1E}
		{3649F21F-FDF1-443B-BE6D-C1C6C18713BB} = {5DA6C50E-0029-4BE1-8EE2-F1EC212B50AE}
		{FB568490-F24C-4238-AAD1-C8A90CA22DA5} = {3649F21F-FDF1-443B-BE6D-C1C6C18713BB}
		{89BF26B1-DDD9-4AFF-9818-BE15A895EA99} = {5DA6C50E-0029-4BE1-8EE2-F1EC212B50AE}
		{55D6913F-3F69-42FD-8EAE-6C2F05ACCA29} = {89BF26B1-DDD9-4AFF-9818-BE15A895EA99}
		{BC296FF6-9073-42B4-91E8-575B71079BAE} = {89BF26B1-DDD9-4AFF-9818-BE15A895EA99}
		{867A623B-799E-40DA-A8DD-B9203E5E3119} = {5DA6C50E-0029-4BE1-8EE2-F1EC212B50AE}
		{655BB248-7D0E-427D-8CC0-575C7ECD63E1} = {867A623B-799E-40DA-A8DD-B9203E5E3119}
		{75DF4537-D70E-4159-A804-D35D77555E02} = {867A623B-799E-40DA-A8DD-B9203E5E3119}
		{6B00FF2C-4039-4B83-9450-16ED23DA582F} = {867A623B-799E-40DA-A8DD-B9203E5E3119}
		{5644111A-4FB6-4F58-9911-24B073FEBB48} = {867A623B-799E-40DA-A8DD-B9203E5E3119}
		{5DDA0D3E-E3AC-42AA-85E8-9BA918F0F215} = {1533C134-22F1-44C7-8382-6C5A4073DD32}
		{FFCE7C93-31A2-4D9E-A094-8FB7AE3E8435} = {D065C234-0EE2-47D5-ABCB-8DFB8E69E26A}
	EndGlobalSection
EndGlobal
